
Microsoft Visual Studio Solution File, Format Version 12.00
# Visual Studio Version 17
VisualStudioVersion = 17.14.36119.2
MinimumVisualStudioVersion = 10.0.40219.1
Project("{2150E333-8FDC-42A3-9474-1A3956D46DE8}") = "Solution Items", "Solution Items", "{8EC462FD-D22E-90A8-E5CE-7E832BA40C5D}"
	ProjectSection(SolutionItems) = preProject
		.editorconfig = .editorconfig
		.gitignore = .gitignore
		CONTRIBUTING.md = CONTRIBUTING.md
		Directory.Build.props = Directory.Build.props
		Directory.Packages.props = Directory.Packages.props
		exclusion.dic = exclusion.dic
		key.snk = key.snk
		LICENSE = LICENSE
		nuget.config = nuget.config
		SECURITY.md = SECURITY.md
	EndProjectSection
EndProject
Project("{FAE04EC0-301F-11D3-BF4B-00C04F79EFBC}") = "bloop", "bloop\bloop.csproj", "{8C77B795-952D-AF05-D946-325C50B1270E}"
EndProject
Project("{2150E333-8FDC-42A3-9474-1A3956D46DE8}") = ".github", ".github", "{02EA681E-C7D8-13C7-8484-4AC65E1B71E8}"
	ProjectSection(SolutionItems) = preProject
		.github\CODEOWNERS = .github\CODEOWNERS
		.github\dependabot.yml = .github\dependabot.yml
	EndProjectSection
EndProject
Project("{2150E333-8FDC-42A3-9474-1A3956D46DE8}") = "workflows", "workflows", "{08FD39EE-B784-4460-905B-345AA8D70BA8}"
	ProjectSection(SolutionItems) = preProject
		.github\workflows\bloop-CIBuild.yml = .github\workflows\bloop-CIBuild.yml
		.github\workflows\bloop-ReleaseBuild.yml = .github\workflows\bloop-ReleaseBuild.yml
		.github\workflows\pr-CIBuild.yml = .github\workflows\pr-CIBuild.yml
	EndProjectSection
EndProject
Global
	GlobalSection(SolutionConfigurationPlatforms) = preSolution
		Debug|Any CPU = Debug|Any CPU
		Release|Any CPU = Release|Any CPU
	EndGlobalSection
	GlobalSection(ProjectConfigurationPlatforms) = postSolution
		{8C77B795-952D-AF05-D946-325C50B1270E}.Debug|Any CPU.ActiveCfg = Debug|Any CPU
		{8C77B795-952D-AF05-D946-325C50B1270E}.Debug|Any CPU.Build.0 = Debug|Any CPU
		{8C77B795-952D-AF05-D946-325C50B1270E}.Release|Any CPU.ActiveCfg = Release|Any CPU
		{8C77B795-952D-AF05-D946-325C50B1270E}.Release|Any CPU.Build.0 = Release|Any CPU
	EndGlobalSection
	GlobalSection(SolutionProperties) = preSolution
		HideSolutionNode = FALSE
	EndGlobalSection
	GlobalSection(NestedProjects) = preSolution
		{02EA681E-C7D8-13C7-8484-4AC65E1B71E8} = {8EC462FD-D22E-90A8-E5CE-7E832BA40C5D}
		{08FD39EE-B784-4460-905B-345AA8D70BA8} = {02EA681E-C7D8-13C7-8484-4AC65E1B71E8}
	EndGlobalSection
	GlobalSection(ExtensibilityGlobals) = postSolution
		SolutionGuid = {665360F2-CFF6-4A5C-A998-E3DC1B8B9EFA}
	EndGlobalSection
EndGlobal
